// !$*UTF8*$!
{
	archiveVersion = 1;
	classes = {
	};
	objectVersion = 55;
	objects = {

/* Begin PBXBuildFile section */
		242542CB27B34D9700F36AD2 /* AppDelegate.swift in Sources */ = {isa = PBXBuildFile; fileRef = 242542CA27B34D9700F36AD2 /* AppDelegate.swift */; };
		242542CD27B34D9700F36AD2 /* SceneDelegate.swift in Sources */ = {isa = PBXBuildFile; fileRef = 242542CC27B34D9700F36AD2 /* SceneDelegate.swift */; };
		242542CF27B34D9700F36AD2 /* ViewController.swift in Sources */ = {isa = PBXBuildFile; fileRef = 242542CE27B34D9700F36AD2 /* ViewController.swift */; };
		242542D227B34D9700F36AD2 /* Main.storyboard in Resources */ = {isa = PBXBuildFile; fileRef = 242542D027B34D9700F36AD2 /* Main.storyboard */; };
		242542D427B34D9800F36AD2 /* Assets.xcassets in Resources */ = {isa = PBXBuildFile; fileRef = 242542D327B34D9800F36AD2 /* Assets.xcassets */; };
		242542D727B34D9800F36AD2 /* LaunchScreen.storyboard in Resources */ = {isa = PBXBuildFile; fileRef = 242542D527B34D9800F36AD2 /* LaunchScreen.storyboard */; };
		242542E227B34D9900F36AD2 /* Kaithi_CalculatorTests.swift in Sources */ = {isa = PBXBuildFile; fileRef = 242542E127B34D9900F36AD2 /* Kaithi_CalculatorTests.swift */; };
		242542EC27B34D9900F36AD2 /* Kaithi_CalculatorUITests.swift in Sources */ = {isa = PBXBuildFile; fileRef = 242542EB27B34D9900F36AD2 /* Kaithi_CalculatorUITests.swift */; };
		242542EE27B34D9900F36AD2 /* Kaithi_CalculatorUITestsLaunchTests.swift in Sources */ = {isa = PBXBuildFile; fileRef = 242542ED27B34D9900F36AD2 /* Kaithi_CalculatorUITestsLaunchTests.swift */; };
/* End PBXBuildFile section */

/* Begin PBXContainerItemProxy section */
		242542DE27B34D9900F36AD2 /* PBXContainerItemProxy */ = {
			isa = PBXContainerItemProxy;
			containerPortal = 242542BF27B34D9700F36AD2 /* Project object */;
			proxyType = 1;
			remoteGlobalIDString = 242542C627B34D9700F36AD2;
			remoteInfo = Kaithi_Calculator;
		};
		242542E827B34D9900F36AD2 /* PBXContainerItemProxy */ = {
			isa = PBXContainerItemProxy;
			containerPortal = 242542BF27B34D9700F36AD2 /* Project object */;
			proxyType = 1;
			remoteGlobalIDString = 242542C627B34D9700F36AD2;
			remoteInfo = Kaithi_Calculator;
		};
/* End PBXContainerItemProxy section */

/* Begin PBXFileReference section */
		242542C727B34D9700F36AD2 /* Kaithi_Calculator.app */ = {isa = PBXFileReference; explicitFileType = wrapper.application; includeInIndex = 0; path = Kaithi_Calculator.app; sourceTree = BUILT_PRODUCTS_DIR; };
		242542CA27B34D9700F36AD2 /* AppDelegate.swift */ = {isa = PBXFileReference; lastKnownFileType = sourcecode.swift; path = AppDelegate.swift; sourceTree = "<group>"; };
		242542CC27B34D9700F36AD2 /* SceneDelegate.swift */ = {isa = PBXFileReference; lastKnownFileType = sourcecode.swift; path = SceneDelegate.swift; sourceTree = "<group>"; };
		242542CE27B34D9700F36AD2 /* ViewController.swift */ = {isa = PBXFileReference; lastKnownFileType = sourcecode.swift; path = ViewController.swift; sourceTree = "<group>"; };
		242542D127B34D9700F36AD2 /* Base */ = {isa = PBXFileReference; lastKnownFileType = file.storyboard; name = Base; path = Base.lproj/Main.storyboard; sourceTree = "<group>"; };
		242542D327B34D9800F36AD2 /* Assets.xcassets */ = {isa = PBXFileReference; lastKnownFileType = folder.assetcatalog; path = Assets.xcassets; sourceTree = "<group>"; };
		242542D627B34D9800F36AD2 /* Base */ = {isa = PBXFileReference; lastKnownFileType = file.storyboard; name = Base; path = Base.lproj/LaunchScreen.storyboard; sourceTree = "<group>"; };
		242542D827B34D9800F36AD2 /* Info.plist */ = {isa = PBXFileReference; lastKnownFileType = text.plist.xml; path = Info.plist; sourceTree = "<group>"; };
		242542DD27B34D9900F36AD2 /* Kaithi_CalculatorTests.xctest */ = {isa = PBXFileReference; explicitFileType = wrapper.cfbundle; includeInIndex = 0; path = Kaithi_CalculatorTests.xctest; sourceTree = BUILT_PRODUCTS_DIR; };
		242542E127B34D9900F36AD2 /* Kaithi_CalculatorTests.swift */ = {isa = PBXFileReference; lastKnownFileType = sourcecode.swift; path = Kaithi_CalculatorTests.swift; sourceTree = "<group>"; };
		242542E727B34D9900F36AD2 /* Kaithi_CalculatorUITests.xctest */ = {isa = PBXFileReference; explicitFileType = wrapper.cfbundle; includeInIndex = 0; path = Kaithi_CalculatorUITests.xctest; sourceTree = BUILT_PRODUCTS_DIR; };
		242542EB27B34D9900F36AD2 /* Kaithi_CalculatorUITests.swift */ = {isa = PBXFileReference; lastKnownFileType = sourcecode.swift; path = Kaithi_CalculatorUITests.swift; sourceTree = "<group>"; };
		242542ED27B34D9900F36AD2 /* Kaithi_CalculatorUITestsLaunchTests.swift */ = {isa = PBXFileReference; lastKnownFileType = sourcecode.swift; path = Kaithi_CalculatorUITestsLaunchTests.swift; sourceTree = "<group>"; };
/* End PBXFileReference section */

/* Begin PBXFrameworksBuildPhase section */
		242542C427B34D9700F36AD2 /* Frameworks */ = {
			isa = PBXFrameworksBuildPhase;
			buildActionMask = 2147483647;
			files = (
			);
			runOnlyForDeploymentPostprocessing = 0;
		};
		242542DA27B34D9900F36AD2 /* Frameworks */ = {
			isa = PBXFrameworksBuildPhase;
			buildActionMask = 2147483647;
			files = (
			);
			runOnlyForDeploymentPostprocessing = 0;
		};
		242542E427B34D9900F36AD2 /* Frameworks */ = {
			isa = PBXFrameworksBuildPhase;
			buildActionMask = 2147483647;
			files = (
			);
			runOnlyForDeploymentPostprocessing = 0;
		};
/* End PBXFrameworksBuildPhase section */

/* Begin PBXGroup section */
		242542BE27B34D9700F36AD2 = {
			isa = PBXGroup;
			children = (
				242542C927B34D9700F36AD2 /* Kaithi_Calculator */,
				242542E027B34D9900F36AD2 /* Kaithi_CalculatorTests */,
				242542EA27B34D9900F36AD2 /* Kaithi_CalculatorUITests */,
				242542C827B34D9700F36AD2 /* Products */,
			);
			sourceTree = "<group>";
		};
		242542C827B34D9700F36AD2 /* Products */ = {
			isa = PBXGroup;
			children = (
				242542C727B34D9700F36AD2 /* Kaithi_Calculator.app */,
				242542DD27B34D9900F36AD2 /* Kaithi_CalculatorTests.xctest */,
				242542E727B34D9900F36AD2 /* Kaithi_CalculatorUITests.xctest */,
			);
			name = Products;
			sourceTree = "<group>";
		};
		242542C927B34D9700F36AD2 /* Kaithi_Calculator */ = {
			isa = PBXGroup;
			children = (
				242542CA27B34D9700F36AD2 /* AppDelegate.swift */,
				242542CC27B34D9700F36AD2 /* SceneDelegate.swift */,
				242542CE27B34D9700F36AD2 /* ViewController.swift */,
				242542D027B34D9700F36AD2 /* Main.storyboard */,
				242542D327B34D9800F36AD2 /* Assets.xcassets */,
				242542D527B34D9800F36AD2 /* LaunchScreen.storyboard */,
				242542D827B34D9800F36AD2 /* Info.plist */,
			);
			path = Kaithi_Calculator;
			sourceTree = "<group>";
		};
		242542E027B34D9900F36AD2 /* Kaithi_CalculatorTests */ = {
			isa = PBXGroup;
			children = (
				242542E127B34D9900F36AD2 /* Kaithi_CalculatorTests.swift */,
			);
			path = Kaithi_CalculatorTests;
			sourceTree = "<group>";
		};
		242542EA27B34D9900F36AD2 /* Kaithi_CalculatorUITests */ = {
			isa = PBXGroup;
			children = (
				242542EB27B34D9900F36AD2 /* Kaithi_CalculatorUITests.swift */,
				242542ED27B34D9900F36AD2 /* Kaithi_CalculatorUITestsLaunchTests.swift */,
			);
			path = Kaithi_CalculatorUITests;
			sourceTree = "<group>";
		};
/* End PBXGroup section */

/* Begin PBXNativeTarget section */
		242542C627B34D9700F36AD2 /* Kaithi_Calculator */ = {
			isa = PBXNativeTarget;
			buildConfigurationList = 242542F127B34D9900F36AD2 /* Build configuration list for PBXNativeTarget "Kaithi_Calculator" */;
			buildPhases = (
				242542C327B34D9700F36AD2 /* Sources */,
				242542C427B34D9700F36AD2 /* Frameworks */,
				242542C527B34D9700F36AD2 /* Resources */,
			);
			buildRules = (
			);
			dependencies = (
			);
			name = Kaithi_Calculator;
			productName = Kaithi_Calculator;
			productReference = 242542C727B34D9700F36AD2 /* Kaithi_Calculator.app */;
			productType = "com.apple.product-type.application";
		};
		242542DC27B34D9900F36AD2 /* Kaithi_CalculatorTests */ = {
			isa = PBXNativeTarget;
			buildConfigurationList = 242542F427B34D9900F36AD2 /* Build configuration list for PBXNativeTarget "Kaithi_CalculatorTests" */;
			buildPhases = (
				242542D927B34D9900F36AD2 /* Sources */,
				242542DA27B34D9900F36AD2 /* Frameworks */,
				242542DB27B34D9900F36AD2 /* Resources */,
			);
			buildRules = (
			);
			dependencies = (
				242542DF27B34D9900F36AD2 /* PBXTargetDependency */,
			);
			name = Kaithi_CalculatorTests;
			productName = Kaithi_CalculatorTests;
			productReference = 242542DD27B34D9900F36AD2 /* Kaithi_CalculatorTests.xctest */;
			productType = "com.apple.product-type.bundle.unit-test";
		};
		242542E627B34D9900F36AD2 /* Kaithi_CalculatorUITests */ = {
			isa = PBXNativeTarget;
			buildConfigurationList = 242542F727B34D9900F36AD2 /* Build configuration list for PBXNativeTarget "Kaithi_CalculatorUITests" */;
			buildPhases = (
				242542E327B34D9900F36AD2 /* Sources */,
				242542E427B34D9900F36AD2 /* Frameworks */,
				242542E527B34D9900F36AD2 /* Resources */,
			);
			buildRules = (
			);
			dependencies = (
				242542E927B34D9900F36AD2 /* PBXTargetDependency */,
			);
			name = Kaithi_CalculatorUITests;
			productName = Kaithi_CalculatorUITests;
			productReference = 242542E727B34D9900F36AD2 /* Kaithi_CalculatorUITests.xctest */;
			productType = "com.apple.product-type.bundle.ui-testing";
		};
/* End PBXNativeTarget section */

/* Begin PBXProject section */
		242542BF27B34D9700F36AD2 /* Project object */ = {
			isa = PBXProject;
			attributes = {
				BuildIndependentTargetsInParallel = 1;
				LastSwiftUpdateCheck = 1320;
				LastUpgradeCheck = 1320;
				TargetAttributes = {
					242542C627B34D9700F36AD2 = {
						CreatedOnToolsVersion = 13.2.1;
					};
					242542DC27B34D9900F36AD2 = {
						CreatedOnToolsVersion = 13.2.1;
						TestTargetID = 242542C627B34D9700F36AD2;
					};
					242542E627B34D9900F36AD2 = {
						CreatedOnToolsVersion = 13.2.1;
						TestTargetID = 242542C627B34D9700F36AD2;
					};
				};
			};
			buildConfigurationList = 242542C227B34D9700F36AD2 /* Build configuration list for PBXProject "Kaithi_Calculator" */;
			compatibilityVersion = "Xcode 13.0";
			developmentRegion = en;
			hasScannedForEncodings = 0;
			knownRegions = (
				en,
				Base,
			);
			mainGroup = 242542BE27B34D9700F36AD2;
			productRefGroup = 242542C827B34D9700F36AD2 /* Products */;
			projectDirPath = "";
			projectRoot = "";
			targets = (
				242542C627B34D9700F36AD2 /* Kaithi_Calculator */,
				242542DC27B34D9900F36AD2 /* Kaithi_CalculatorTests */,
				242542E627B34D9900F36AD2 /* Kaithi_CalculatorUITests */,
			);
		};
/* End PBXProject section */

/* Begin PBXResourcesBuildPhase section */
		242542C527B34D9700F36AD2 /* Resources */ = {
			isa = PBXResourcesBuildPhase;
			buildActionMask = 2147483647;
			files = (
				242542D727B34D9800F36AD2 /* LaunchScreen.storyboard in Resources */,
				242542D427B34D9800F36AD2 /* Assets.xcassets in Resources */,
				242542D227B34D9700F36AD2 /* Main.storyboard in Resources */,
			);
			runOnlyForDeploymentPostprocessing = 0;
		};
		242542DB27B34D9900F36AD2 /* Resources */ = {
			isa = PBXResourcesBuildPhase;
			buildActionMask = 2147483647;
			files = (
			);
			runOnlyForDeploymentPostprocessing = 0;
		};
		242542E527B34D9900F36AD2 /* Resources */ = {
			isa = PBXResourcesBuildPhase;
			buildActionMask = 2147483647;
			files = (
			);
			runOnlyForDeploymentPostprocessing = 0;
		};
/* End PBXResourcesBuildPhase section */

/* Begin PBXSourcesBuildPhase section */
		242542C327B34D9700F36AD2 /* Sources */ = {
			isa = PBXSourcesBuildPhase;
			buildActionMask = 2147483647;
			files = (
				242542CF27B34D9700F36AD2 /* ViewController.swift in Sources */,
				242542CB27B34D9700F36AD2 /* AppDelegate.swift in Sources */,
				242542CD27B34D9700F36AD2 /* SceneDelegate.swift in Sources */,
			);
			runOnlyForDeploymentPostprocessing = 0;
		};
		242542D927B34D9900F36AD2 /* Sources */ = {
			isa = PBXSourcesBuildPhase;
			buildActionMask = 2147483647;
			files = (
				242542E227B34D9900F36AD2 /* Kaithi_CalculatorTests.swift in Sources */,
			);
			runOnlyForDeploymentPostprocessing = 0;
		};
		242542E327B34D9900F36AD2 /* Sources */ = {
			isa = PBXSourcesBuildPhase;
			buildActionMask = 2147483647;
			files = (
				242542EE27B34D9900F36AD2 /* Kaithi_CalculatorUITestsLaunchTests.swift in Sources */,
				242542EC27B34D9900F36AD2 /* Kaithi_CalculatorUITests.swift in Sources */,
			);
			runOnlyForDeploymentPostprocessing = 0;
		};
/* End PBXSourcesBuildPhase section */

/* Begin PBXTargetDependency section */
		242542DF27B34D9900F36AD2 /* PBXTargetDependency */ = {
			isa = PBXTargetDependency;
			target = 242542C627B34D9700F36AD2 /* Kaithi_Calculator */;
			targetProxy = 242542DE27B34D9900F36AD2 /* PBXContainerItemProxy */;
		};
		242542E927B34D9900F36AD2 /* PBXTargetDependency */ = {
			isa = PBXTargetDependency;
			target = 242542C627B34D9700F36AD2 /* Kaithi_Calculator */;
			targetProxy = 242542E827B34D9900F36AD2 /* PBXContainerItemProxy */;
		};
/* End PBXTargetDependency section */

/* Begin PBXVariantGroup section */
		242542D027B34D9700F36AD2 /* Main.storyboard */ = {
			isa = PBXVariantGroup;
			children = (
				242542D127B34D9700F36AD2 /* Base */,
			);
			name = Main.storyboard;
			sourceTree = "<group>";
		};
		242542D527B34D9800F36AD2 /* LaunchScreen.storyboard */ = {
			isa = PBXVariantGroup;
			children = (
				242542D627B34D9800F36AD2 /* Base */,
			);
			name = LaunchScreen.storyboard;
			sourceTree = "<group>";
		};
/* End PBXVariantGroup section */

/* Begin XCBuildConfiguration section */
		242542EF27B34D9900F36AD2 /* Debug */ = {
			isa = XCBuildConfiguration;
			buildSettings = {
				ALWAYS_SEARCH_USER_PATHS = NO;
				CLANG_ANALYZER_NONNULL = YES;
				CLANG_ANALYZER_NUMBER_OBJECT_CONVERSION = YES_AGGRESSIVE;
				CLANG_CXX_LANGUAGE_STANDARD = "gnu++17";
				CLANG_CXX_LIBRARY = "libc++";
				CLANG_ENABLE_MODULES = YES;
				CLANG_ENABLE_OBJC_ARC = YES;
				CLANG_ENABLE_OBJC_WEAK = YES;
				CLANG_WARN_BLOCK_CAPTURE_AUTORELEASING = YES;
				CLANG_WARN_BOOL_CONVERSION = YES;
				CLANG_WARN_COMMA = YES;
				CLANG_WARN_CONSTANT_CONVERSION = YES;
				CLANG_WARN_DEPRECATED_OBJC_IMPLEMENTATIONS = YES;
				CLANG_WARN_DIRECT_OBJC_ISA_USAGE = YES_ERROR;
				CLANG_WARN_DOCUMENTATION_COMMENTS = YES;
				CLANG_WARN_EMPTY_BODY = YES;
				CLANG_WARN_ENUM_CONVERSION = YES;
				CLANG_WARN_INFINITE_RECURSION = YES;
				CLANG_WARN_INT_CONVERSION = YES;
				CLANG_WARN_NON_LITERAL_NULL_CONVERSION = YES;
				CLANG_WARN_OBJC_IMPLICIT_RETAIN_SELF = YES;
				CLANG_WARN_OBJC_LITERAL_CONVERSION = YES;
				CLANG_WARN_OBJC_ROOT_CLASS = YES_ERROR;
				CLANG_WARN_QUOTED_INCLUDE_IN_FRAMEWORK_HEADER = YES;
				CLANG_WARN_RANGE_LOOP_ANALYSIS = YES;
				CLANG_WARN_STRICT_PROTOTYPES = YES;
				CLANG_WARN_SUSPICIOUS_MOVE = YES;
				CLANG_WARN_UNGUARDED_AVAILABILITY = YES_AGGRESSIVE;
				CLANG_WARN_UNREACHABLE_CODE = YES;
				CLANG_WARN__DUPLICATE_METHOD_MATCH = YES;
				COPY_PHASE_STRIP = NO;
				DEBUG_INFORMATION_FORMAT = dwarf;
				ENABLE_STRICT_OBJC_MSGSEND = YES;
				ENABLE_TESTABILITY = YES;
				GCC_C_LANGUAGE_STANDARD = gnu11;
				GCC_DYNAMIC_NO_PIC = NO;
				GCC_NO_COMMON_BLOCKS = YES;
				GCC_OPTIMIZATION_LEVEL = 0;
				GCC_PREPROCESSOR_DEFINITIONS = (
					"DEBUG=1",
					"$(inherited)",
				);
				GCC_WARN_64_TO_32_BIT_CONVERSION = YES;
				GCC_WARN_ABOUT_RETURN_TYPE = YES_ERROR;
				GCC_WARN_UNDECLARED_SELECTOR = YES;
				GCC_WARN_UNINITIALIZED_AUTOS = YES_AGGRESSIVE;
				GCC_WARN_UNUSED_FUNCTION = YES;
				GCC_WARN_UNUSED_VARIABLE = YES;
				IPHONEOS_DEPLOYMENT_TARGET = 15.2;
				MTL_ENABLE_DEBUG_INFO = INCLUDE_SOURCE;
				MTL_FAST_MATH = YES;
				ONLY_ACTIVE_ARCH = YES;
				SDKROOT = iphoneos;
				SWIFT_ACTIVE_COMPILATION_CONDITIONS = DEBUG;
				SWIFT_OPTIMIZATION_LEVEL = "-Onone";
			};
			name = Debug;
		};
		242542F027B34D9900F36AD2 /* Release */ = {
			isa = XCBuildConfiguration;
			buildSettings = {
				ALWAYS_SEARCH_USER_PATHS = NO;
				CLANG_ANALYZER_NONNULL = YES;
				CLANG_ANALYZER_NUMBER_OBJECT_CONVERSION = YES_AGGRESSIVE;
				CLANG_CXX_LANGUAGE_STANDARD = "gnu++17";
				CLANG_CXX_LIBRARY = "libc++";
				CLANG_ENABLE_MODULES = YES;
				CLANG_ENABLE_OBJC_ARC = YES;
				CLANG_ENABLE_OBJC_WEAK = YES;
				CLANG_WARN_BLOCK_CAPTURE_AUTORELEASING = YES;
				CLANG_WARN_BOOL_CONVERSION = YES;
				CLANG_WARN_COMMA = YES;
				CLANG_WARN_CONSTANT_CONVERSION = YES;
				CLANG_WARN_DEPRECATED_OBJC_IMPLEMENTATIONS = YES;
				CLANG_WARN_DIRECT_OBJC_ISA_USAGE = YES_ERROR;
				CLANG_WARN_DOCUMENTATION_COMMENTS = YES;
				CLANG_WARN_EMPTY_BODY = YES;
				CLANG_WARN_ENUM_CONVERSION = YES;
				CLANG_WARN_INFINITE_RECURSION = YES;
				CLANG_WARN_INT_CONVERSION = YES;
				CLANG_WARN_NON_LITERAL_NULL_CONVERSION = YES;
				CLANG_WARN_OBJC_IMPLICIT_RETAIN_SELF = YES;
				CLANG_WARN_OBJC_LITERAL_CONVERSION = YES;
				CLANG_WARN_OBJC_ROOT_CLASS = YES_ERROR;
				CLANG_WARN_QUOTED_INCLUDE_IN_FRAMEWORK_HEADER = YES;
				CLANG_WARN_RANGE_LOOP_ANALYSIS = YES;
				CLANG_WARN_STRICT_PROTOTYPES = YES;
				CLANG_WARN_SUSPICIOUS_MOVE = YES;
				CLANG_WARN_UNGUARDED_AVAILABILITY = YES_AGGRESSIVE;
				CLANG_WARN_UNREACHABLE_CODE = YES;
				CLANG_WARN__DUPLICATE_METHOD_MATCH = YES;
				COPY_PHASE_STRIP = NO;
				DEBUG_INFORMATION_FORMAT = "dwarf-with-dsym";
				ENABLE_NS_ASSERTIONS = NO;
				ENABLE_STRICT_OBJC_MSGSEND = YES;
				GCC_C_LANGUAGE_STANDARD = gnu11;
				GCC_NO_COMMON_BLOCKS = YES;
				GCC_WARN_64_TO_32_BIT_CONVERSION = YES;
				GCC_WARN_ABOUT_RETURN_TYPE = YES_ERROR;
				GCC_WARN_UNDECLARED_SELECTOR = YES;
				GCC_WARN_UNINITIALIZED_AUTOS = YES_AGGRESSIVE;
				GCC_WARN_UNUSED_FUNCTION = YES;
				GCC_WARN_UNUSED_VARIABLE = YES;
				IPHONEOS_DEPLOYMENT_TARGET = 15.2;
				MTL_ENABLE_DEBUG_INFO = NO;
				MTL_FAST_MATH = YES;
				SDKROOT = iphoneos;
				SWIFT_COMPILATION_MODE = wholemodule;
				SWIFT_OPTIMIZATION_LEVEL = "-O";
				VALIDATE_PRODUCT = YES;
			};
			name = Release;
		};
		242542F227B34D9900F36AD2 /* Debug */ = {
			isa = XCBuildConfiguration;
			buildSettings = {
				ASSETCATALOG_COMPILER_APPICON_NAME = AppIcon;
				ASSETCATALOG_COMPILER_GLOBAL_ACCENT_COLOR_NAME = AccentColor;
				CODE_SIGN_STYLE = Automatic;
				CURRENT_PROJECT_VERSION = 1;
				GENERATE_INFOPLIST_FILE = YES;
				INFOPLIST_FILE = Kaithi_Calculator/Info.plist;
				INFOPLIST_KEY_CFBundleDisplayName = Kaithi_Calculator;
				INFOPLIST_KEY_UIApplicationSupportsIndirectInputEvents = YES;
				INFOPLIST_KEY_UILaunchStoryboardName = LaunchScreen;
				INFOPLIST_KEY_UIMainStoryboardFile = Main;
				INFOPLIST_KEY_UISupportedInterfaceOrientations_iPad = "UIInterfaceOrientationPortrait UIInterfaceOrientationPortraitUpsideDown UIInterfaceOrientationLandscapeLeft UIInterfaceOrientationLandscapeRight";
				INFOPLIST_KEY_UISupportedInterfaceOrientations_iPhone = "UIInterfaceOrientationPortrait UIInterfaceOrientationLandscapeLeft UIInterfaceOrientationLandscapeRight";
				LD_RUNPATH_SEARCH_PATHS = (
					"$(inherited)",
					"@executable_path/Frameworks",
				);
				MARKETING_VERSION = 1.0;
				PRODUCT_BUNDLE_IDENTIFIER = "nwmsu.Kaithi-Calculator";
				PRODUCT_NAME = "$(TARGET_NAME)";
				SWIFT_EMIT_LOC_STRINGS = YES;
				SWIFT_VERSION = 5.0;
				TARGETED_DEVICE_FAMILY = "1,2";
			};
			name = Debug;
		};
		242542F327B34D9900F36AD2 /* Release */ = {
			isa = XCBuildConfiguration;
			buildSettings = {
				ASSETCATALOG_COMPILER_APPICON_NAME = AppIcon;
				ASSETCATALOG_COMPILER_GLOBAL_ACCENT_COLOR_NAME = AccentColor;
				CODE_SIGN_STYLE = Automatic;
				CURRENT_PROJECT_VERSION = 1;
				GENERATE_INFOPLIST_FILE = YES;
				INFOPLIST_FILE = Kaithi_Calculator/Info.plist;
				INFOPLIST_KEY_CFBundleDisplayName = Kaithi_Calculator;
				INFOPLIST_KEY_UIApplicationSupportsIndirectInputEvents = YES;
				INFOPLIST_KEY_UILaunchStoryboardName = LaunchScreen;
				INFOPLIST_KEY_UIMainStoryboardFile = Main;
				INFOPLIST_KEY_UISupportedInterfaceOrientations_iPad = "UIInterfaceOrientationPortrait UIInterfaceOrientationPortraitUpsideDown UIInterfaceOrientationLandscapeLeft UIInterfaceOrientationLandscapeRight";
				INFOPLIST_KEY_UISupportedInterfaceOrientations_iPhone = "UIInterfaceOrientationPortrait UIInterfaceOrientationLandscapeLeft UIInterfaceOrientationLandscapeRight";
				LD_RUNPATH_SEARCH_PATHS = (
					"$(inherited)",
					"@executable_path/Frameworks",
				);
				MARKETING_VERSION = 1.0;
				PRODUCT_BUNDLE_IDENTIFIER = "nwmsu.Kaithi-Calculator";
				PRODUCT_NAME = "$(TARGET_NAME)";
				SWIFT_EMIT_LOC_STRINGS = YES;
				SWIFT_VERSION = 5.0;
				TARGETED_DEVICE_FAMILY = "1,2";
			};
			name = Release;
		};
		242542F527B34D9900F36AD2 /* Debug */ = {
			isa = XCBuildConfiguration;
			buildSettings = {
				ALWAYS_EMBED_SWIFT_STANDARD_LIBRARIES = YES;
				BUNDLE_LOADER = "$(TEST_HOST)";
				CODE_SIGN_STYLE = Automatic;
				CURRENT_PROJECT_VERSION = 1;
				GENERATE_INFOPLIST_FILE = YES;
				IPHONEOS_DEPLOYMENT_TARGET = 15.2;
				MARKETING_VERSION = 1.0;
				PRODUCT_BUNDLE_IDENTIFIER = "nwmsu.Kaithi-CalculatorTests";
				PRODUCT_NAME = "$(TARGET_NAME)";
				SWIFT_EMIT_LOC_STRINGS = NO;
				SWIFT_VERSION = 5.0;
				TARGETED_DEVICE_FAMILY = "1,2";
				TEST_HOST = "$(BUILT_PRODUCTS_DIR)/Kaithi_Calculator.app/Kaithi_Calculator";
			};
			name = Debug;
		};
		242542F627B34D9900F36AD2 /* Release */ = {
			isa = XCBuildConfiguration;
			buildSettings = {
				ALWAYS_EMBED_SWIFT_STANDARD_LIBRARIES = YES;
				BUNDLE_LOADER = "$(TEST_HOST)";
				CODE_SIGN_STYLE = Automatic;
				CURRENT_PROJECT_VERSION = 1;
				GENERATE_INFOPLIST_FILE = YES;
				IPHONEOS_DEPLOYMENT_TARGET = 15.2;
				MARKETING_VERSION = 1.0;
				PRODUCT_BUNDLE_IDENTIFIER = "nwmsu.Kaithi-CalculatorTests";
				PRODUCT_NAME = "$(TARGET_NAME)";
				SWIFT_EMIT_LOC_STRINGS = NO;
				SWIFT_VERSION = 5.0;
				TARGETED_DEVICE_FAMILY = "1,2";
				TEST_HOST = "$(BUILT_PRODUCTS_DIR)/Kaithi_Calculator.app/Kaithi_Calculator";
			};
			name = Release;
		};
		242542F827B34D9900F36AD2 /* Debug */ = {
			isa = XCBuildConfiguration;
			buildSettings = {
				ALWAYS_EMBED_SWIFT_STANDARD_LIBRARIES = YES;
				CODE_SIGN_STYLE = Automatic;
				CURRENT_PROJECT_VERSION = 1;
				GENERATE_INFOPLIST_FILE = YES;
				MARKETING_VERSION = 1.0;
				PRODUCT_BUNDLE_IDENTIFIER = "nwmsu.Kaithi-CalculatorUITests";
				PRODUCT_NAME = "$(TARGET_NAME)";
				SWIFT_EMIT_LOC_STRINGS = NO;
				SWIFT_VERSION = 5.0;
				TARGETED_DEVICE_FAMILY = "1,2";
				TEST_TARGET_NAME = Kaithi_Calculator;
			};
			name = Debug;
		};
		242542F927B34D9900F36AD2 /* Release */ = {
			isa = XCBuildConfiguration;
			buildSettings = {
				ALWAYS_EMBED_SWIFT_STANDARD_LIBRARIES = YES;
				CODE_SIGN_STYLE = Automatic;
				CURRENT_PROJECT_VERSION = 1;
				GENERATE_INFOPLIST_FILE = YES;
				MARKETING_VERSION = 1.0;
				PRODUCT_BUNDLE_IDENTIFIER = "nwmsu.Kaithi-CalculatorUITests";
				PRODUCT_NAME = "$(TARGET_NAME)";
				SWIFT_EMIT_LOC_STRINGS = NO;
				SWIFT_VERSION = 5.0;
				TARGETED_DEVICE_FAMILY = "1,2";
				TEST_TARGET_NAME = Kaithi_Calculator;
			};
			name = Release;
		};
/* End XCBuildConfiguration section */

/* Begin XCConfigurationList section */
		242542C227B34D9700F36AD2 /* Build configuration list for PBXProject "Kaithi_Calculator" */ = {
			isa = XCConfigurationList;
			buildConfigurations = (
				242542EF27B34D9900F36AD2 /* Debug */,
				242542F027B34D9900F36AD2 /* Release */,
			);
			defaultConfigurationIsVisible = 0;
			defaultConfigurationName = Release;
		};
		242542F127B34D9900F36AD2 /* Build configuration list for PBXNativeTarget "Kaithi_Calculator" */ = {
			isa = XCConfigurationList;
			buildConfigurations = (
				242542F227B34D9900F36AD2 /* Debug */,
				242542F327B34D9900F36AD2 /* Release */,
			);
			defaultConfigurationIsVisible = 0;
			defaultConfigurationName = Release;
		};
		242542F427B34D9900F36AD2 /* Build configuration list for PBXNativeTarget "Kaithi_CalculatorTests" */ = {
			isa = XCConfigurationList;
			buildConfigurations = (
				242542F527B34D9900F36AD2 /* Debug */,
				242542F627B34D9900F36AD2 /* Release */,
			);
			defaultConfigurationIsVisible = 0;
			defaultConfigurationName = Release;
		};
		242542F727B34D9900F36AD2 /* Build configuration list for PBXNativeTarget "Kaithi_CalculatorUITests" */ = {
			isa = XCConfigurationList;
			buildConfigurations = (
				242542F827B34D9900F36AD2 /* Debug */,
				242542F927B34D9900F36AD2 /* Release */,
			);
			defaultConfigurationIsVisible = 0;
			defaultConfigurationName = Release;
		};
/* End XCConfigurationList section */
	};
	rootObject = 242542BF27B34D9700F36AD2 /* Project object */;
}
