// !$*UTF8*$!
{
	archiveVersion = 1;
	classes = {
	};
	objectVersion = 55;
	objects = {

/* Begin PBXBuildFile section */
		246C154127A310490020490B /* AppDelegate.swift in Sources */ = {isa = PBXBuildFile; fileRef = 246C154027A310490020490B /* AppDelegate.swift */; };
		246C154327A310490020490B /* SceneDelegate.swift in Sources */ = {isa = PBXBuildFile; fileRef = 246C154227A310490020490B /* SceneDelegate.swift */; };
		246C154527A310490020490B /* ViewController.swift in Sources */ = {isa = PBXBuildFile; fileRef = 246C154427A310490020490B /* ViewController.swift */; };
		246C154827A310490020490B /* Main.storyboard in Resources */ = {isa = PBXBuildFile; fileRef = 246C154627A310490020490B /* Main.storyboard */; };
		246C154A27A3104A0020490B /* Assets.xcassets in Resources */ = {isa = PBXBuildFile; fileRef = 246C154927A3104A0020490B /* Assets.xcassets */; };
		246C154D27A3104A0020490B /* LaunchScreen.storyboard in Resources */ = {isa = PBXBuildFile; fileRef = 246C154B27A3104A0020490B /* LaunchScreen.storyboard */; };
		246C155827A3104B0020490B /* SimpleCalcTests.swift in Sources */ = {isa = PBXBuildFile; fileRef = 246C155727A3104B0020490B /* SimpleCalcTests.swift */; };
		246C156227A3104B0020490B /* SimpleCalcUITests.swift in Sources */ = {isa = PBXBuildFile; fileRef = 246C156127A3104B0020490B /* SimpleCalcUITests.swift */; };
		246C156427A3104B0020490B /* SimpleCalcUITestsLaunchTests.swift in Sources */ = {isa = PBXBuildFile; fileRef = 246C156327A3104B0020490B /* SimpleCalcUITestsLaunchTests.swift */; };
/* End PBXBuildFile section */

/* Begin PBXContainerItemProxy section */
		246C155427A3104B0020490B /* PBXContainerItemProxy */ = {
			isa = PBXContainerItemProxy;
			containerPortal = 246C153527A310490020490B /* Project object */;
			proxyType = 1;
			remoteGlobalIDString = 246C153C27A310490020490B;
			remoteInfo = SimpleCalc;
		};
		246C155E27A3104B0020490B /* PBXContainerItemProxy */ = {
			isa = PBXContainerItemProxy;
			containerPortal = 246C153527A310490020490B /* Project object */;
			proxyType = 1;
			remoteGlobalIDString = 246C153C27A310490020490B;
			remoteInfo = SimpleCalc;
		};
/* End PBXContainerItemProxy section */

/* Begin PBXFileReference section */
		246C153D27A310490020490B /* SimpleCalc.app */ = {isa = PBXFileReference; explicitFileType = wrapper.application; includeInIndex = 0; path = SimpleCalc.app; sourceTree = BUILT_PRODUCTS_DIR; };
		246C154027A310490020490B /* AppDelegate.swift */ = {isa = PBXFileReference; lastKnownFileType = sourcecode.swift; path = AppDelegate.swift; sourceTree = "<group>"; };
		246C154227A310490020490B /* SceneDelegate.swift */ = {isa = PBXFileReference; lastKnownFileType = sourcecode.swift; path = SceneDelegate.swift; sourceTree = "<group>"; };
		246C154427A310490020490B /* ViewController.swift */ = {isa = PBXFileReference; lastKnownFileType = sourcecode.swift; path = ViewController.swift; sourceTree = "<group>"; };
		246C154727A310490020490B /* Base */ = {isa = PBXFileReference; lastKnownFileType = file.storyboard; name = Base; path = Base.lproj/Main.storyboard; sourceTree = "<group>"; };
		246C154927A3104A0020490B /* Assets.xcassets */ = {isa = PBXFileReference; lastKnownFileType = folder.assetcatalog; path = Assets.xcassets; sourceTree = "<group>"; };
		246C154C27A3104A0020490B /* Base */ = {isa = PBXFileReference; lastKnownFileType = file.storyboard; name = Base; path = Base.lproj/LaunchScreen.storyboard; sourceTree = "<group>"; };
		246C154E27A3104A0020490B /* Info.plist */ = {isa = PBXFileReference; lastKnownFileType = text.plist.xml; path = Info.plist; sourceTree = "<group>"; };
		246C155327A3104B0020490B /* SimpleCalcTests.xctest */ = {isa = PBXFileReference; explicitFileType = wrapper.cfbundle; includeInIndex = 0; path = SimpleCalcTests.xctest; sourceTree = BUILT_PRODUCTS_DIR; };
		246C155727A3104B0020490B /* SimpleCalcTests.swift */ = {isa = PBXFileReference; lastKnownFileType = sourcecode.swift; path = SimpleCalcTests.swift; sourceTree = "<group>"; };
		246C155D27A3104B0020490B /* SimpleCalcUITests.xctest */ = {isa = PBXFileReference; explicitFileType = wrapper.cfbundle; includeInIndex = 0; path = SimpleCalcUITests.xctest; sourceTree = BUILT_PRODUCTS_DIR; };
		246C156127A3104B0020490B /* SimpleCalcUITests.swift */ = {isa = PBXFileReference; lastKnownFileType = sourcecode.swift; path = SimpleCalcUITests.swift; sourceTree = "<group>"; };
		246C156327A3104B0020490B /* SimpleCalcUITestsLaunchTests.swift */ = {isa = PBXFileReference; lastKnownFileType = sourcecode.swift; path = SimpleCalcUITestsLaunchTests.swift; sourceTree = "<group>"; };
/* End PBXFileReference section */

/* Begin PBXFrameworksBuildPhase section */
		246C153A27A310490020490B /* Frameworks */ = {
			isa = PBXFrameworksBuildPhase;
			buildActionMask = 2147483647;
			files = (
			);
			runOnlyForDeploymentPostprocessing = 0;
		};
		246C155027A3104B0020490B /* Frameworks */ = {
			isa = PBXFrameworksBuildPhase;
			buildActionMask = 2147483647;
			files = (
			);
			runOnlyForDeploymentPostprocessing = 0;
		};
		246C155A27A3104B0020490B /* Frameworks */ = {
			isa = PBXFrameworksBuildPhase;
			buildActionMask = 2147483647;
			files = (
			);
			runOnlyForDeploymentPostprocessing = 0;
		};
/* End PBXFrameworksBuildPhase section */

/* Begin PBXGroup section */
		246C153427A310490020490B = {
			isa = PBXGroup;
			children = (
				246C153F27A310490020490B /* SimpleCalc */,
				246C155627A3104B0020490B /* SimpleCalcTests */,
				246C156027A3104B0020490B /* SimpleCalcUITests */,
				246C153E27A310490020490B /* Products */,
			);
			sourceTree = "<group>";
		};
		246C153E27A310490020490B /* Products */ = {
			isa = PBXGroup;
			children = (
				246C153D27A310490020490B /* SimpleCalc.app */,
				246C155327A3104B0020490B /* SimpleCalcTests.xctest */,
				246C155D27A3104B0020490B /* SimpleCalcUITests.xctest */,
			);
			name = Products;
			sourceTree = "<group>";
		};
		246C153F27A310490020490B /* SimpleCalc */ = {
			isa = PBXGroup;
			children = (
				246C154027A310490020490B /* AppDelegate.swift */,
				246C154227A310490020490B /* SceneDelegate.swift */,
				246C154427A310490020490B /* ViewController.swift */,
				246C154627A310490020490B /* Main.storyboard */,
				246C154927A3104A0020490B /* Assets.xcassets */,
				246C154B27A3104A0020490B /* LaunchScreen.storyboard */,
				246C154E27A3104A0020490B /* Info.plist */,
			);
			path = SimpleCalc;
			sourceTree = "<group>";
		};
		246C155627A3104B0020490B /* SimpleCalcTests */ = {
			isa = PBXGroup;
			children = (
				246C155727A3104B0020490B /* SimpleCalcTests.swift */,
			);
			path = SimpleCalcTests;
			sourceTree = "<group>";
		};
		246C156027A3104B0020490B /* SimpleCalcUITests */ = {
			isa = PBXGroup;
			children = (
				246C156127A3104B0020490B /* SimpleCalcUITests.swift */,
				246C156327A3104B0020490B /* SimpleCalcUITestsLaunchTests.swift */,
			);
			path = SimpleCalcUITests;
			sourceTree = "<group>";
		};
/* End PBXGroup section */

/* Begin PBXNativeTarget section */
		246C153C27A310490020490B /* SimpleCalc */ = {
			isa = PBXNativeTarget;
			buildConfigurationList = 246C156727A3104B0020490B /* Build configuration list for PBXNativeTarget "SimpleCalc" */;
			buildPhases = (
				246C153927A310490020490B /* Sources */,
				246C153A27A310490020490B /* Frameworks */,
				246C153B27A310490020490B /* Resources */,
			);
			buildRules = (
			);
			dependencies = (
			);
			name = SimpleCalc;
			productName = SimpleCalc;
			productReference = 246C153D27A310490020490B /* SimpleCalc.app */;
			productType = "com.apple.product-type.application";
		};
		246C155227A3104B0020490B /* SimpleCalcTests */ = {
			isa = PBXNativeTarget;
			buildConfigurationList = 246C156A27A3104B0020490B /* Build configuration list for PBXNativeTarget "SimpleCalcTests" */;
			buildPhases = (
				246C154F27A3104B0020490B /* Sources */,
				246C155027A3104B0020490B /* Frameworks */,
				246C155127A3104B0020490B /* Resources */,
			);
			buildRules = (
			);
			dependencies = (
				246C155527A3104B0020490B /* PBXTargetDependency */,
			);
			name = SimpleCalcTests;
			productName = SimpleCalcTests;
			productReference = 246C155327A3104B0020490B /* SimpleCalcTests.xctest */;
			productType = "com.apple.product-type.bundle.unit-test";
		};
		246C155C27A3104B0020490B /* SimpleCalcUITests */ = {
			isa = PBXNativeTarget;
			buildConfigurationList = 246C156D27A3104B0020490B /* Build configuration list for PBXNativeTarget "SimpleCalcUITests" */;
			buildPhases = (
				246C155927A3104B0020490B /* Sources */,
				246C155A27A3104B0020490B /* Frameworks */,
				246C155B27A3104B0020490B /* Resources */,
			);
			buildRules = (
			);
			dependencies = (
				246C155F27A3104B0020490B /* PBXTargetDependency */,
			);
			name = SimpleCalcUITests;
			productName = SimpleCalcUITests;
			productReference = 246C155D27A3104B0020490B /* SimpleCalcUITests.xctest */;
			productType = "com.apple.product-type.bundle.ui-testing";
		};
/* End PBXNativeTarget section */

/* Begin PBXProject section */
		246C153527A310490020490B /* Project object */ = {
			isa = PBXProject;
			attributes = {
				BuildIndependentTargetsInParallel = 1;
				LastSwiftUpdateCheck = 1320;
				LastUpgradeCheck = 1320;
				TargetAttributes = {
					246C153C27A310490020490B = {
						CreatedOnToolsVersion = 13.2.1;
					};
					246C155227A3104B0020490B = {
						CreatedOnToolsVersion = 13.2.1;
						TestTargetID = 246C153C27A310490020490B;
					};
					246C155C27A3104B0020490B = {
						CreatedOnToolsVersion = 13.2.1;
						TestTargetID = 246C153C27A310490020490B;
					};
				};
			};
			buildConfigurationList = 246C153827A310490020490B /* Build configuration list for PBXProject "SimpleCalc" */;
			compatibilityVersion = "Xcode 13.0";
			developmentRegion = en;
			hasScannedForEncodings = 0;
			knownRegions = (
				en,
				Base,
			);
			mainGroup = 246C153427A310490020490B;
			productRefGroup = 246C153E27A310490020490B /* Products */;
			projectDirPath = "";
			projectRoot = "";
			targets = (
				246C153C27A310490020490B /* SimpleCalc */,
				246C155227A3104B0020490B /* SimpleCalcTests */,
				246C155C27A3104B0020490B /* SimpleCalcUITests */,
			);
		};
/* End PBXProject section */

/* Begin PBXResourcesBuildPhase section */
		246C153B27A310490020490B /* Resources */ = {
			isa = PBXResourcesBuildPhase;
			buildActionMask = 2147483647;
			files = (
				246C154D27A3104A0020490B /* LaunchScreen.storyboard in Resources */,
				246C154A27A3104A0020490B /* Assets.xcassets in Resources */,
				246C154827A310490020490B /* Main.storyboard in Resources */,
			);
			runOnlyForDeploymentPostprocessing = 0;
		};
		246C155127A3104B0020490B /* Resources */ = {
			isa = PBXResourcesBuildPhase;
			buildActionMask = 2147483647;
			files = (
			);
			runOnlyForDeploymentPostprocessing = 0;
		};
		246C155B27A3104B0020490B /* Resources */ = {
			isa = PBXResourcesBuildPhase;
			buildActionMask = 2147483647;
			files = (
			);
			runOnlyForDeploymentPostprocessing = 0;
		};
/* End PBXResourcesBuildPhase section */

/* Begin PBXSourcesBuildPhase section */
		246C153927A310490020490B /* Sources */ = {
			isa = PBXSourcesBuildPhase;
			buildActionMask = 2147483647;
			files = (
				246C154527A310490020490B /* ViewController.swift in Sources */,
				246C154127A310490020490B /* AppDelegate.swift in Sources */,
				246C154327A310490020490B /* SceneDelegate.swift in Sources */,
			);
			runOnlyForDeploymentPostprocessing = 0;
		};
		246C154F27A3104B0020490B /* Sources */ = {
			isa = PBXSourcesBuildPhase;
			buildActionMask = 2147483647;
			files = (
				246C155827A3104B0020490B /* SimpleCalcTests.swift in Sources */,
			);
			runOnlyForDeploymentPostprocessing = 0;
		};
		246C155927A3104B0020490B /* Sources */ = {
			isa = PBXSourcesBuildPhase;
			buildActionMask = 2147483647;
			files = (
				246C156227A3104B0020490B /* SimpleCalcUITests.swift in Sources */,
				246C156427A3104B0020490B /* SimpleCalcUITestsLaunchTests.swift in Sources */,
			);
			runOnlyForDeploymentPostprocessing = 0;
		};
/* End PBXSourcesBuildPhase section */

/* Begin PBXTargetDependency section */
		246C155527A3104B0020490B /* PBXTargetDependency */ = {
			isa = PBXTargetDependency;
			target = 246C153C27A310490020490B /* SimpleCalc */;
			targetProxy = 246C155427A3104B0020490B /* PBXContainerItemProxy */;
		};
		246C155F27A3104B0020490B /* PBXTargetDependency */ = {
			isa = PBXTargetDependency;
			target = 246C153C27A310490020490B /* SimpleCalc */;
			targetProxy = 246C155E27A3104B0020490B /* PBXContainerItemProxy */;
		};
/* End PBXTargetDependency section */

/* Begin PBXVariantGroup section */
		246C154627A310490020490B /* Main.storyboard */ = {
			isa = PBXVariantGroup;
			children = (
				246C154727A310490020490B /* Base */,
			);
			name = Main.storyboard;
			sourceTree = "<group>";
		};
		246C154B27A3104A0020490B /* LaunchScreen.storyboard */ = {
			isa = PBXVariantGroup;
			children = (
				246C154C27A3104A0020490B /* Base */,
			);
			name = LaunchScreen.storyboard;
			sourceTree = "<group>";
		};
/* End PBXVariantGroup section */

/* Begin XCBuildConfiguration section */
		246C156527A3104B0020490B /* Debug */ = {
			isa = XCBuildConfiguration;
			buildSettings = {
				ALWAYS_SEARCH_USER_PATHS = NO;
				CLANG_ANALYZER_NONNULL = YES;
				CLANG_ANALYZER_NUMBER_OBJECT_CONVERSION = YES_AGGRESSIVE;
				CLANG_CXX_LANGUAGE_STANDARD = "gnu++17";
				CLANG_CXX_LIBRARY = "libc++";
				CLANG_ENABLE_MODULES = YES;
				CLANG_ENABLE_OBJC_ARC = YES;
				CLANG_ENABLE_OBJC_WEAK = YES;
				CLANG_WARN_BLOCK_CAPTURE_AUTORELEASING = YES;
				CLANG_WARN_BOOL_CONVERSION = YES;
				CLANG_WARN_COMMA = YES;
				CLANG_WARN_CONSTANT_CONVERSION = YES;
				CLANG_WARN_DEPRECATED_OBJC_IMPLEMENTATIONS = YES;
				CLANG_WARN_DIRECT_OBJC_ISA_USAGE = YES_ERROR;
				CLANG_WARN_DOCUMENTATION_COMMENTS = YES;
				CLANG_WARN_EMPTY_BODY = YES;
				CLANG_WARN_ENUM_CONVERSION = YES;
				CLANG_WARN_INFINITE_RECURSION = YES;
				CLANG_WARN_INT_CONVERSION = YES;
				CLANG_WARN_NON_LITERAL_NULL_CONVERSION = YES;
				CLANG_WARN_OBJC_IMPLICIT_RETAIN_SELF = YES;
				CLANG_WARN_OBJC_LITERAL_CONVERSION = YES;
				CLANG_WARN_OBJC_ROOT_CLASS = YES_ERROR;
				CLANG_WARN_QUOTED_INCLUDE_IN_FRAMEWORK_HEADER = YES;
				CLANG_WARN_RANGE_LOOP_ANALYSIS = YES;
				CLANG_WARN_STRICT_PROTOTYPES = YES;
				CLANG_WARN_SUSPICIOUS_MOVE = YES;
				CLANG_WARN_UNGUARDED_AVAILABILITY = YES_AGGRESSIVE;
				CLANG_WARN_UNREACHABLE_CODE = YES;
				CLANG_WARN__DUPLICATE_METHOD_MATCH = YES;
				COPY_PHASE_STRIP = NO;
				DEBUG_INFORMATION_FORMAT = dwarf;
				ENABLE_STRICT_OBJC_MSGSEND = YES;
				ENABLE_TESTABILITY = YES;
				GCC_C_LANGUAGE_STANDARD = gnu11;
				GCC_DYNAMIC_NO_PIC = NO;
				GCC_NO_COMMON_BLOCKS = YES;
				GCC_OPTIMIZATION_LEVEL = 0;
				GCC_PREPROCESSOR_DEFINITIONS = (
					"DEBUG=1",
					"$(inherited)",
				);
				GCC_WARN_64_TO_32_BIT_CONVERSION = YES;
				GCC_WARN_ABOUT_RETURN_TYPE = YES_ERROR;
				GCC_WARN_UNDECLARED_SELECTOR = YES;
				GCC_WARN_UNINITIALIZED_AUTOS = YES_AGGRESSIVE;
				GCC_WARN_UNUSED_FUNCTION = YES;
				GCC_WARN_UNUSED_VARIABLE = YES;
				IPHONEOS_DEPLOYMENT_TARGET = 15.2;
				MTL_ENABLE_DEBUG_INFO = INCLUDE_SOURCE;
				MTL_FAST_MATH = YES;
				ONLY_ACTIVE_ARCH = YES;
				SDKROOT = iphoneos;
				SWIFT_ACTIVE_COMPILATION_CONDITIONS = DEBUG;
				SWIFT_OPTIMIZATION_LEVEL = "-Onone";
			};
			name = Debug;
		};
		246C156627A3104B0020490B /* Release */ = {
			isa = XCBuildConfiguration;
			buildSettings = {
				ALWAYS_SEARCH_USER_PATHS = NO;
				CLANG_ANALYZER_NONNULL = YES;
				CLANG_ANALYZER_NUMBER_OBJECT_CONVERSION = YES_AGGRESSIVE;
				CLANG_CXX_LANGUAGE_STANDARD = "gnu++17";
				CLANG_CXX_LIBRARY = "libc++";
				CLANG_ENABLE_MODULES = YES;
				CLANG_ENABLE_OBJC_ARC = YES;
				CLANG_ENABLE_OBJC_WEAK = YES;
				CLANG_WARN_BLOCK_CAPTURE_AUTORELEASING = YES;
				CLANG_WARN_BOOL_CONVERSION = YES;
				CLANG_WARN_COMMA = YES;
				CLANG_WARN_CONSTANT_CONVERSION = YES;
				CLANG_WARN_DEPRECATED_OBJC_IMPLEMENTATIONS = YES;
				CLANG_WARN_DIRECT_OBJC_ISA_USAGE = YES_ERROR;
				CLANG_WARN_DOCUMENTATION_COMMENTS = YES;
				CLANG_WARN_EMPTY_BODY = YES;
				CLANG_WARN_ENUM_CONVERSION = YES;
				CLANG_WARN_INFINITE_RECURSION = YES;
				CLANG_WARN_INT_CONVERSION = YES;
				CLANG_WARN_NON_LITERAL_NULL_CONVERSION = YES;
				CLANG_WARN_OBJC_IMPLICIT_RETAIN_SELF = YES;
				CLANG_WARN_OBJC_LITERAL_CONVERSION = YES;
				CLANG_WARN_OBJC_ROOT_CLASS = YES_ERROR;
				CLANG_WARN_QUOTED_INCLUDE_IN_FRAMEWORK_HEADER = YES;
				CLANG_WARN_RANGE_LOOP_ANALYSIS = YES;
				CLANG_WARN_STRICT_PROTOTYPES = YES;
				CLANG_WARN_SUSPICIOUS_MOVE = YES;
				CLANG_WARN_UNGUARDED_AVAILABILITY = YES_AGGRESSIVE;
				CLANG_WARN_UNREACHABLE_CODE = YES;
				CLANG_WARN__DUPLICATE_METHOD_MATCH = YES;
				COPY_PHASE_STRIP = NO;
				DEBUG_INFORMATION_FORMAT = "dwarf-with-dsym";
				ENABLE_NS_ASSERTIONS = NO;
				ENABLE_STRICT_OBJC_MSGSEND = YES;
				GCC_C_LANGUAGE_STANDARD = gnu11;
				GCC_NO_COMMON_BLOCKS = YES;
				GCC_WARN_64_TO_32_BIT_CONVERSION = YES;
				GCC_WARN_ABOUT_RETURN_TYPE = YES_ERROR;
				GCC_WARN_UNDECLARED_SELECTOR = YES;
				GCC_WARN_UNINITIALIZED_AUTOS = YES_AGGRESSIVE;
				GCC_WARN_UNUSED_FUNCTION = YES;
				GCC_WARN_UNUSED_VARIABLE = YES;
				IPHONEOS_DEPLOYMENT_TARGET = 15.2;
				MTL_ENABLE_DEBUG_INFO = NO;
				MTL_FAST_MATH = YES;
				SDKROOT = iphoneos;
				SWIFT_COMPILATION_MODE = wholemodule;
				SWIFT_OPTIMIZATION_LEVEL = "-O";
				VALIDATE_PRODUCT = YES;
			};
			name = Release;
		};
		246C156827A3104B0020490B /* Debug */ = {
			isa = XCBuildConfiguration;
			buildSettings = {
				ASSETCATALOG_COMPILER_APPICON_NAME = AppIcon;
				ASSETCATALOG_COMPILER_GLOBAL_ACCENT_COLOR_NAME = AccentColor;
				CODE_SIGN_STYLE = Automatic;
				CURRENT_PROJECT_VERSION = 1;
				GENERATE_INFOPLIST_FILE = YES;
				INFOPLIST_FILE = SimpleCalc/Info.plist;
				INFOPLIST_KEY_CFBundleDisplayName = SimpleCalc;
				INFOPLIST_KEY_UIApplicationSupportsIndirectInputEvents = YES;
				INFOPLIST_KEY_UILaunchStoryboardName = LaunchScreen;
				INFOPLIST_KEY_UIMainStoryboardFile = Main;
				INFOPLIST_KEY_UISupportedInterfaceOrientations_iPad = "UIInterfaceOrientationPortrait UIInterfaceOrientationPortraitUpsideDown UIInterfaceOrientationLandscapeLeft UIInterfaceOrientationLandscapeRight";
				INFOPLIST_KEY_UISupportedInterfaceOrientations_iPhone = "UIInterfaceOrientationPortrait UIInterfaceOrientationLandscapeLeft UIInterfaceOrientationLandscapeRight";
				LD_RUNPATH_SEARCH_PATHS = (
					"$(inherited)",
					"@executable_path/Frameworks",
				);
				MARKETING_VERSION = 1.0;
				PRODUCT_BUNDLE_IDENTIFIER = nwmsu.SimpleCalc;
				PRODUCT_NAME = "$(TARGET_NAME)";
				SWIFT_EMIT_LOC_STRINGS = YES;
				SWIFT_VERSION = 5.0;
				TARGETED_DEVICE_FAMILY = "1,2";
			};
			name = Debug;
		};
		246C156927A3104B0020490B /* Release */ = {
			isa = XCBuildConfiguration;
			buildSettings = {
				ASSETCATALOG_COMPILER_APPICON_NAME = AppIcon;
				ASSETCATALOG_COMPILER_GLOBAL_ACCENT_COLOR_NAME = AccentColor;
				CODE_SIGN_STYLE = Automatic;
				CURRENT_PROJECT_VERSION = 1;
				GENERATE_INFOPLIST_FILE = YES;
				INFOPLIST_FILE = SimpleCalc/Info.plist;
				INFOPLIST_KEY_CFBundleDisplayName = SimpleCalc;
				INFOPLIST_KEY_UIApplicationSupportsIndirectInputEvents = YES;
				INFOPLIST_KEY_UILaunchStoryboardName = LaunchScreen;
				INFOPLIST_KEY_UIMainStoryboardFile = Main;
				INFOPLIST_KEY_UISupportedInterfaceOrientations_iPad = "UIInterfaceOrientationPortrait UIInterfaceOrientationPortraitUpsideDown UIInterfaceOrientationLandscapeLeft UIInterfaceOrientationLandscapeRight";
				INFOPLIST_KEY_UISupportedInterfaceOrientations_iPhone = "UIInterfaceOrientationPortrait UIInterfaceOrientationLandscapeLeft UIInterfaceOrientationLandscapeRight";
				LD_RUNPATH_SEARCH_PATHS = (
					"$(inherited)",
					"@executable_path/Frameworks",
				);
				MARKETING_VERSION = 1.0;
				PRODUCT_BUNDLE_IDENTIFIER = nwmsu.SimpleCalc;
				PRODUCT_NAME = "$(TARGET_NAME)";
				SWIFT_EMIT_LOC_STRINGS = YES;
				SWIFT_VERSION = 5.0;
				TARGETED_DEVICE_FAMILY = "1,2";
			};
			name = Release;
		};
		246C156B27A3104B0020490B /* Debug */ = {
			isa = XCBuildConfiguration;
			buildSettings = {
				ALWAYS_EMBED_SWIFT_STANDARD_LIBRARIES = YES;
				BUNDLE_LOADER = "$(TEST_HOST)";
				CODE_SIGN_STYLE = Automatic;
				CURRENT_PROJECT_VERSION = 1;
				GENERATE_INFOPLIST_FILE = YES;
				IPHONEOS_DEPLOYMENT_TARGET = 15.2;
				MARKETING_VERSION = 1.0;
				PRODUCT_BUNDLE_IDENTIFIER = nwmsu.SimpleCalcTests;
				PRODUCT_NAME = "$(TARGET_NAME)";
				SWIFT_EMIT_LOC_STRINGS = NO;
				SWIFT_VERSION = 5.0;
				TARGETED_DEVICE_FAMILY = "1,2";
				TEST_HOST = "$(BUILT_PRODUCTS_DIR)/SimpleCalc.app/SimpleCalc";
			};
			name = Debug;
		};
		246C156C27A3104B0020490B /* Release */ = {
			isa = XCBuildConfiguration;
			buildSettings = {
				ALWAYS_EMBED_SWIFT_STANDARD_LIBRARIES = YES;
				BUNDLE_LOADER = "$(TEST_HOST)";
				CODE_SIGN_STYLE = Automatic;
				CURRENT_PROJECT_VERSION = 1;
				GENERATE_INFOPLIST_FILE = YES;
				IPHONEOS_DEPLOYMENT_TARGET = 15.2;
				MARKETING_VERSION = 1.0;
				PRODUCT_BUNDLE_IDENTIFIER = nwmsu.SimpleCalcTests;
				PRODUCT_NAME = "$(TARGET_NAME)";
				SWIFT_EMIT_LOC_STRINGS = NO;
				SWIFT_VERSION = 5.0;
				TARGETED_DEVICE_FAMILY = "1,2";
				TEST_HOST = "$(BUILT_PRODUCTS_DIR)/SimpleCalc.app/SimpleCalc";
			};
			name = Release;
		};
		246C156E27A3104B0020490B /* Debug */ = {
			isa = XCBuildConfiguration;
			buildSettings = {
				ALWAYS_EMBED_SWIFT_STANDARD_LIBRARIES = YES;
				CODE_SIGN_STYLE = Automatic;
				CURRENT_PROJECT_VERSION = 1;
				GENERATE_INFOPLIST_FILE = YES;
				MARKETING_VERSION = 1.0;
				PRODUCT_BUNDLE_IDENTIFIER = nwmsu.SimpleCalcUITests;
				PRODUCT_NAME = "$(TARGET_NAME)";
				SWIFT_EMIT_LOC_STRINGS = NO;
				SWIFT_VERSION = 5.0;
				TARGETED_DEVICE_FAMILY = "1,2";
				TEST_TARGET_NAME = SimpleCalc;
			};
			name = Debug;
		};
		246C156F27A3104B0020490B /* Release */ = {
			isa = XCBuildConfiguration;
			buildSettings = {
				ALWAYS_EMBED_SWIFT_STANDARD_LIBRARIES = YES;
				CODE_SIGN_STYLE = Automatic;
				CURRENT_PROJECT_VERSION = 1;
				GENERATE_INFOPLIST_FILE = YES;
				MARKETING_VERSION = 1.0;
				PRODUCT_BUNDLE_IDENTIFIER = nwmsu.SimpleCalcUITests;
				PRODUCT_NAME = "$(TARGET_NAME)";
				SWIFT_EMIT_LOC_STRINGS = NO;
				SWIFT_VERSION = 5.0;
				TARGETED_DEVICE_FAMILY = "1,2";
				TEST_TARGET_NAME = SimpleCalc;
			};
			name = Release;
		};
/* End XCBuildConfiguration section */

/* Begin XCConfigurationList section */
		246C153827A310490020490B /* Build configuration list for PBXProject "SimpleCalc" */ = {
			isa = XCConfigurationList;
			buildConfigurations = (
				246C156527A3104B0020490B /* Debug */,
				246C156627A3104B0020490B /* Release */,
			);
			defaultConfigurationIsVisible = 0;
			defaultConfigurationName = Release;
		};
		246C156727A3104B0020490B /* Build configuration list for PBXNativeTarget "SimpleCalc" */ = {
			isa = XCConfigurationList;
			buildConfigurations = (
				246C156827A3104B0020490B /* Debug */,
				246C156927A3104B0020490B /* Release */,
			);
			defaultConfigurationIsVisible = 0;
			defaultConfigurationName = Release;
		};
		246C156A27A3104B0020490B /* Build configuration list for PBXNativeTarget "SimpleCalcTests" */ = {
			isa = XCConfigurationList;
			buildConfigurations = (
				246C156B27A3104B0020490B /* Debug */,
				246C156C27A3104B0020490B /* Release */,
			);
			defaultConfigurationIsVisible = 0;
			defaultConfigurationName = Release;
		};
		246C156D27A3104B0020490B /* Build configuration list for PBXNativeTarget "SimpleCalcUITests" */ = {
			isa = XCConfigurationList;
			buildConfigurations = (
				246C156E27A3104B0020490B /* Debug */,
				246C156F27A3104B0020490B /* Release */,
			);
			defaultConfigurationIsVisible = 0;
			defaultConfigurationName = Release;
		};
/* End XCConfigurationList section */
	};
	rootObject = 246C153527A310490020490B /* Project object */;
}
